// !$*UTF8*$!
{
	archiveVersion = 1;
	classes = {
	};
	objectVersion = 77;
	objects = {

/* Begin PBXBuildFile section */
		1CD3EA841B1DB8E203F386AA /* ShareViewController.swift in Sources */ = {isa = PBXBuildFile; fileRef = 0DA0EB58241078C67D8D9E71 /* ShareViewController.swift */; };
		30F26DA99F406B16B025F183 /* LuminaShare.appex in Embed Foundation Extensions */ = {isa = PBXBuildFile; fileRef = 2476E91C5FEC3FDE8D10EB16 /* LuminaShare.appex */; platformFilter = ios; settings = {ATTRIBUTES = (RemoveHeadersOnCopy, ); }; };
		678381525E6DF43FB3BE30CA /* Foundation.framework in Frameworks */ = {isa = PBXBuildFile; fileRef = 1882A94661F9AC9045014AE9 /* Foundation.framework */; };
		D0D0000000000000000000A3 /* LuminaKit in Frameworks */ = {isa = PBXBuildFile; productRef = D0D0000000000000000000A2 /* LuminaKit */; };
/* End PBXBuildFile section */

/* Begin PBXContainerItemProxy section */
		0BDF867DC186397BD41B2790 /* PBXContainerItemProxy */ = {
			isa = PBXContainerItemProxy;
			containerPortal = 218CCE1F2FD0752200F94297 /* Project object */;
			proxyType = 1;
			remoteGlobalIDString = 2DEFFB760CA91E8BD26CB3FC;
			remoteInfo = LuminaShare;
		};
		218CCE372FD0752500F94297 /* PBXContainerItemProxy */ = {
			isa = PBXContainerItemProxy;
			containerPortal = 218CCE1F2FD0752200F94297 /* Project object */;
			proxyType = 1;
			remoteGlobalIDString = 218CCE262FD0752200F94297;
			remoteInfo = Lumina;
		};
		218CCE412FD0752500F94297 /* PBXContainerItemProxy */ = {
			isa = PBXContainerItemProxy;
			containerPortal = 218CCE1F2FD0752200F94297 /* Project object */;
			proxyType = 1;
			remoteGlobalIDString = 218CCE262FD0752200F94297;
			remoteInfo = Lumina;
		};
/* End PBXContainerItemProxy section */

/* Begin PBXCopyFilesBuildPhase section */
		7F3ACF3CCB01CD37FC40804E /* Embed Foundation Extensions */ = {
			isa = PBXCopyFilesBuildPhase;
			buildActionMask = 2147483647;
			dstPath = "";
			dstSubfolderSpec = 13;
			files = (
				30F26DA99F406B16B025F183 /* LuminaShare.appex in Embed Foundation Extensions */,
			);
			name = "Embed Foundation Extensions";
			runOnlyForDeploymentPostprocessing = 0;
		};
/* End PBXCopyFilesBuildPhase section */

/* Begin PBXFileReference section */
		0DA0EB58241078C67D8D9E71 /* ShareViewController.swift */ = {isa = PBXFileReference; includeInIndex = 1; lastKnownFileType = sourcecode.swift; path = ShareViewController.swift; sourceTree = "<group>"; };
		1882A94661F9AC9045014AE9 /* Foundation.framework */ = {isa = PBXFileReference; lastKnownFileType = wrapper.framework; name = Foundation.framework; path = Platforms/iPhoneOS.platform/Developer/SDKs/iPhoneOS18.0.sdk/System/Library/Frameworks/Foundation.framework; sourceTree = DEVELOPER_DIR; };
		218CCE272FD0752300F94297 /* Lumina.app */ = {isa = PBXFileReference; explicitFileType = wrapper.application; includeInIndex = 0; path = Lumina.app; sourceTree = BUILT_PRODUCTS_DIR; };
		218CCE362FD0752500F94297 /* LuminaTests.xctest */ = {isa = PBXFileReference; explicitFileType = wrapper.cfbundle; includeInIndex = 0; path = LuminaTests.xctest; sourceTree = BUILT_PRODUCTS_DIR; };
		218CCE402FD0752500F94297 /* LuminaUITests.xctest */ = {isa = PBXFileReference; explicitFileType = wrapper.cfbundle; includeInIndex = 0; path = LuminaUITests.xctest; sourceTree = BUILT_PRODUCTS_DIR; };
		2476E91C5FEC3FDE8D10EB16 /* LuminaShare.appex */ = {isa = PBXFileReference; explicitFileType = "wrapper.app-extension"; includeInIndex = 0; path = LuminaShare.appex; sourceTree = BUILT_PRODUCTS_DIR; };
		AD429A92BE6F250DE021A307 /* Info.plist */ = {isa = PBXFileReference; includeInIndex = 1; lastKnownFileType = text.plist.xml; path = Info.plist; sourceTree = "<group>"; };
/* End PBXFileReference section */

/* Begin PBXFileSystemSynchronizedRootGroup section */
		218CCE292FD0752300F94297 /* Lumina */ = {
			isa = PBXFileSystemSynchronizedRootGroup;
			exceptions = (
			);
			path = Lumina;
			sourceTree = "<group>";
		};
		218CCE392FD0752500F94297 /* LuminaTests */ = {
			isa = PBXFileSystemSynchronizedRootGroup;
			exceptions = (
			);
			path = LuminaTests;
			sourceTree = "<group>";
		};
		218CCE432FD0752500F94297 /* LuminaUITests */ = {
			isa = PBXFileSystemSynchronizedRootGroup;
			exceptions = (
			);
			path = LuminaUITests;
			sourceTree = "<group>";
		};
/* End PBXFileSystemSynchronizedRootGroup section */

/* Begin PBXFrameworksBuildPhase section */
		1FB38E6C78FAA6B464EC765B /* Frameworks */ = {
			isa = PBXFrameworksBuildPhase;
			buildActionMask = 2147483647;
			files = (
				678381525E6DF43FB3BE30CA /* Foundation.framework in Frameworks */,
			);
			runOnlyForDeploymentPostprocessing = 0;
		};
		218CCE242FD0752200F94297 /* Frameworks */ = {
			isa = PBXFrameworksBuildPhase;
			buildActionMask = 2147483647;
			files = (
				D0D0000000000000000000A3 /* LuminaKit in Frameworks */,
			);
			runOnlyForDeploymentPostprocessing = 0;
		};
		218CCE332FD0752500F94297 /* Frameworks */ = {
			isa = PBXFrameworksBuildPhase;
			buildActionMask = 2147483647;
			files = (
			);
			runOnlyForDeploymentPostprocessing = 0;
		};
		218CCE3D2FD0752500F94297 /* Frameworks */ = {
			isa = PBXFrameworksBuildPhase;
			buildActionMask = 2147483647;
			files = (
			);
			runOnlyForDeploymentPostprocessing = 0;
		};
/* End PBXFrameworksBuildPhase section */

/* Begin PBXGroup section */
		02C92E26E0E0B69CD7BFA0A1 /* iOS */ = {
			isa = PBXGroup;
			children = (
				1882A94661F9AC9045014AE9 /* Foundation.framework */,
			);
			name = iOS;
			sourceTree = "<group>";
		};
		218CCE1E2FD0752200F94297 = {
			isa = PBXGroup;
			children = (
				218CCE292FD0752300F94297 /* Lumina */,
				218CCE392FD0752500F94297 /* LuminaTests */,
				218CCE432FD0752500F94297 /* LuminaUITests */,
				218CCE282FD0752300F94297 /* Products */,
				D23EA738F105E7AF08E434B9 /* Frameworks */,
				351CBA8FF93143C6FD37E6C1 /* LuminaShare */,
			);
			sourceTree = "<group>";
		};
		218CCE282FD0752300F94297 /* Products */ = {
			isa = PBXGroup;
			children = (
				218CCE272FD0752300F94297 /* Lumina.app */,
				218CCE362FD0752500F94297 /* LuminaTests.xctest */,
				218CCE402FD0752500F94297 /* LuminaUITests.xctest */,
				2476E91C5FEC3FDE8D10EB16 /* LuminaShare.appex */,
			);
			name = Products;
			sourceTree = "<group>";
		};
		351CBA8FF93143C6FD37E6C1 /* LuminaShare */ = {
			isa = PBXGroup;
			children = (
				0DA0EB58241078C67D8D9E71 /* ShareViewController.swift */,
				AD429A92BE6F250DE021A307 /* Info.plist */,
			);
			path = LuminaShare;
			sourceTree = "<group>";
		};
		D23EA738F105E7AF08E434B9 /* Frameworks */ = {
			isa = PBXGroup;
			children = (
				02C92E26E0E0B69CD7BFA0A1 /* iOS */,
			);
			name = Frameworks;
			sourceTree = "<group>";
		};
/* End PBXGroup section */

/* Begin PBXNativeTarget section */
		218CCE262FD0752200F94297 /* Lumina */ = {
			isa = PBXNativeTarget;
			buildConfigurationList = 218CCE4A2FD0752500F94297 /* Build configuration list for PBXNativeTarget "Lumina" */;
			buildPhases = (
				218CCE232FD0752200F94297 /* Sources */,
				218CCE242FD0752200F94297 /* Frameworks */,
				218CCE252FD0752200F94297 /* Resources */,
				7F3ACF3CCB01CD37FC40804E /* Embed Foundation Extensions */,
			);
			buildRules = (
			);
			dependencies = (
				A17A5CA468DBA61B4C2F3D89 /* PBXTargetDependency */,
			);
			fileSystemSynchronizedGroups = (
				218CCE292FD0752300F94297 /* Lumina */,
			);
			name = Lumina;
			packageProductDependencies = (
				D0D0000000000000000000A2 /* LuminaKit */,
			);
			productName = Lumina;
			productReference = 218CCE272FD0752300F94297 /* Lumina.app */;
			productType = "com.apple.product-type.application";
		};
		218CCE352FD0752500F94297 /* LuminaTests */ = {
			isa = PBXNativeTarget;
			buildConfigurationList = 218CCE4D2FD0752500F94297 /* Build configuration list for PBXNativeTarget "LuminaTests" */;
			buildPhases = (
				218CCE322FD0752500F94297 /* Sources */,
				218CCE332FD0752500F94297 /* Frameworks */,
				218CCE342FD0752500F94297 /* Resources */,
			);
			buildRules = (
			);
			dependencies = (
				218CCE382FD0752500F94297 /* PBXTargetDependency */,
			);
			fileSystemSynchronizedGroups = (
				218CCE392FD0752500F94297 /* LuminaTests */,
			);
			name = LuminaTests;
			productName = LuminaTests;
			productReference = 218CCE362FD0752500F94297 /* LuminaTests.xctest */;
			productType = "com.apple.product-type.bundle.unit-test";
		};
		218CCE3F2FD0752500F94297 /* LuminaUITests */ = {
			isa = PBXNativeTarget;
			buildConfigurationList = 218CCE502FD0752500F94297 /* Build configuration list for PBXNativeTarget "LuminaUITests" */;
			buildPhases = (
				218CCE3C2FD0752500F94297 /* Sources */,
				218CCE3D2FD0752500F94297 /* Frameworks */,
				218CCE3E2FD0752500F94297 /* Resources */,
			);
			buildRules = (
			);
			dependencies = (
				218CCE422FD0752500F94297 /* PBXTargetDependency */,
			);
			fileSystemSynchronizedGroups = (
				218CCE432FD0752500F94297 /* LuminaUITests */,
			);
			name = LuminaUITests;
			productName = LuminaUITests;
			productReference = 218CCE402FD0752500F94297 /* LuminaUITests.xctest */;
			productType = "com.apple.product-type.bundle.ui-testing";
		};
		2DEFFB760CA91E8BD26CB3FC /* LuminaShare */ = {
			isa = PBXNativeTarget;
			buildConfigurationList = E3EA83814CDCD0B6E804CA74 /* Build configuration list for PBXNativeTarget "LuminaShare" */;
			buildPhases = (
				656A715BD144C0D32A9DC342 /* Sources */,
				1FB38E6C78FAA6B464EC765B /* Frameworks */,
				C47106BE51345F4AF85A44F7 /* Resources */,
			);
			buildRules = (
			);
			dependencies = (
			);
			name = LuminaShare;
			productName = LuminaShare;
			productReference = 2476E91C5FEC3FDE8D10EB16 /* LuminaShare.appex */;
			productType = "com.apple.product-type.app-extension";
		};
/* End PBXNativeTarget section */

/* Begin PBXProject section */
		218CCE1F2FD0752200F94297 /* Project object */ = {
			isa = PBXProject;
			attributes = {
				BuildIndependentTargetsInParallel = 1;
				LastSwiftUpdateCheck = 2650;
				LastUpgradeCheck = 2650;
				TargetAttributes = {
					218CCE262FD0752200F94297 = {
						CreatedOnToolsVersion = 26.5;
					};
					218CCE352FD0752500F94297 = {
						CreatedOnToolsVersion = 26.5;
						TestTargetID = 218CCE262FD0752200F94297;
					};
					218CCE3F2FD0752500F94297 = {
						CreatedOnToolsVersion = 26.5;
						TestTargetID = 218CCE262FD0752200F94297;
					};
				};
			};
			buildConfigurationList = 218CCE222FD0752200F94297 /* Build configuration list for PBXProject "Lumina" */;
			developmentRegion = en;
			hasScannedForEncodings = 0;
			knownRegions = (
				en,
				Base,
			);
			mainGroup = 218CCE1E2FD0752200F94297;
			minimizedProjectReferenceProxies = 1;
			packageReferences = (
				D0D0000000000000000000A1 /* XCLocalSwiftPackageReference "LuminaKit" */,
			);
			preferredProjectObjectVersion = 77;
			productRefGroup = 218CCE282FD0752300F94297 /* Products */;
			projectDirPath = "";
			projectRoot = "";
			targets = (
				218CCE262FD0752200F94297 /* Lumina */,
				218CCE352FD0752500F94297 /* LuminaTests */,
				218CCE3F2FD0752500F94297 /* LuminaUITests */,
				2DEFFB760CA91E8BD26CB3FC /* LuminaShare */,
			);
		};
/* End PBXProject section */

/* Begin PBXResourcesBuildPhase section */
		218CCE252FD0752200F94297 /* Resources */ = {
			isa = PBXResourcesBuildPhase;
			buildActionMask = 2147483647;
			files = (
			);
			runOnlyForDeploymentPostprocessing = 0;
		};
		218CCE342FD0752500F94297 /* Resources */ = {
			isa = PBXResourcesBuildPhase;
			buildActionMask = 2147483647;
			files = (
			);
			runOnlyForDeploymentPostprocessing = 0;
		};
		218CCE3E2FD0752500F94297 /* Resources */ = {
			isa = PBXResourcesBuildPhase;
			buildActionMask = 2147483647;
			files = (
			);
			runOnlyForDeploymentPostprocessing = 0;
		};
		C47106BE51345F4AF85A44F7 /* Resources */ = {
			isa = PBXResourcesBuildPhase;
			buildActionMask = 2147483647;
			files = (
			);
			runOnlyForDeploymentPostprocessing = 0;
		};
/* End PBXResourcesBuildPhase section */

/* Begin PBXSourcesBuildPhase section */
		218CCE232FD0752200F94297 /* Sources */ = {
			isa = PBXSourcesBuildPhase;
			buildActionMask = 2147483647;
			files = (
			);
			runOnlyForDeploymentPostprocessing = 0;
		};
		218CCE322FD0752500F94297 /* Sources */ = {
			isa = PBXSourcesBuildPhase;
			buildActionMask = 2147483647;
			files = (
			);
			runOnlyForDeploymentPostprocessing = 0;
		};
		218CCE3C2FD0752500F94297 /* Sources */ = {
			isa = PBXSourcesBuildPhase;
			buildActionMask = 2147483647;
			files = (
			);
			runOnlyForDeploymentPostprocessing = 0;
		};
		656A715BD144C0D32A9DC342 /* Sources */ = {
			isa = PBXSourcesBuildPhase;
			buildActionMask = 2147483647;
			files = (
				1CD3EA841B1DB8E203F386AA /* ShareViewController.swift in Sources */,
			);
			runOnlyForDeploymentPostprocessing = 0;
		};
/* End PBXSourcesBuildPhase section */

/* Begin PBXTargetDependency section */
		218CCE382FD0752500F94297 /* PBXTargetDependency */ = {
			isa = PBXTargetDependency;
			target = 218CCE262FD0752200F94297 /* Lumina */;
			targetProxy = 218CCE372FD0752500F94297 /* PBXContainerItemProxy */;
		};
		218CCE422FD0752500F94297 /* PBXTargetDependency */ = {
			isa = PBXTargetDependency;
			target = 218CCE262FD0752200F94297 /* Lumina */;
			targetProxy = 218CCE412FD0752500F94297 /* PBXContainerItemProxy */;
		};
		A17A5CA468DBA61B4C2F3D89 /* PBXTargetDependency */ = {
			isa = PBXTargetDependency;
			name = LuminaShare;
			platformFilter = ios;
			target = 2DEFFB760CA91E8BD26CB3FC /* LuminaShare */;
			targetProxy = 0BDF867DC186397BD41B2790 /* PBXContainerItemProxy */;
		};
/* End PBXTargetDependency section */

/* Begin XCBuildConfiguration section */
		218CCE482FD0752500F94297 /* Debug */ = {
			isa = XCBuildConfiguration;
			buildSettings = {
				ALWAYS_SEARCH_USER_PATHS = NO;
				ASSETCATALOG_COMPILER_GENERATE_SWIFT_ASSET_SYMBOL_EXTENSIONS = YES;
				CLANG_ANALYZER_NONNULL = YES;
				CLANG_ANALYZER_NUMBER_OBJECT_CONVERSION = YES_AGGRESSIVE;
				CLANG_CXX_LANGUAGE_STANDARD = "gnu++20";
				CLANG_ENABLE_MODULES = YES;
				CLANG_ENABLE_OBJC_ARC = YES;
				CLANG_ENABLE_OBJC_WEAK = YES;
				CLANG_WARN_BLOCK_CAPTURE_AUTORELEASING = YES;
				CLANG_WARN_BOOL_CONVERSION = YES;
				CLANG_WARN_COMMA = YES;
				CLANG_WARN_CONSTANT_CONVERSION = YES;
				CLANG_WARN_DEPRECATED_OBJC_IMPLEMENTATIONS = YES;
				CLANG_WARN_DIRECT_OBJC_ISA_USAGE = YES_ERROR;
				CLANG_WARN_DOCUMENTATION_COMMENTS = YES;
				CLANG_WARN_EMPTY_BODY = YES;
				CLANG_WARN_ENUM_CONVERSION = YES;
				CLANG_WARN_INFINITE_RECURSION = YES;
				CLANG_WARN_INT_CONVERSION = YES;
				CLANG_WARN_NON_LITERAL_NULL_CONVERSION = YES;
				CLANG_WARN_OBJC_IMPLICIT_RETAIN_SELF = YES;
				CLANG_WARN_OBJC_LITERAL_CONVERSION = YES;
				CLANG_WARN_OBJC_ROOT_CLASS = YES_ERROR;
				CLANG_WARN_QUOTED_INCLUDE_IN_FRAMEWORK_HEADER = YES;
				CLANG_WARN_RANGE_LOOP_ANALYSIS = YES;
				CLANG_WARN_STRICT_PROTOTYPES = YES;
				CLANG_WARN_SUSPICIOUS_MOVE = YES;
				CLANG_WARN_UNGUARDED_AVAILABILITY = YES_AGGRESSIVE;
				CLANG_WARN_UNREACHABLE_CODE = YES;
				CLANG_WARN__DUPLICATE_METHOD_MATCH = YES;
				COPY_PHASE_STRIP = NO;
				DEBUG_INFORMATION_FORMAT = dwarf;
				DEVELOPMENT_TEAM = K567Y7B93R;
				ENABLE_STRICT_OBJC_MSGSEND = YES;
				ENABLE_TESTABILITY = YES;
				ENABLE_USER_SCRIPT_SANDBOXING = YES;
				GCC_C_LANGUAGE_STANDARD = gnu17;
				GCC_DYNAMIC_NO_PIC = NO;
				GCC_NO_COMMON_BLOCKS = YES;
				GCC_OPTIMIZATION_LEVEL = 0;
				GCC_PREPROCESSOR_DEFINITIONS = (
					"DEBUG=1",
					"$(inherited)",
				);
				GCC_WARN_64_TO_32_BIT_CONVERSION = YES;
				GCC_WARN_ABOUT_RETURN_TYPE = YES_ERROR;
				GCC_WARN_UNDECLARED_SELECTOR = YES;
				GCC_WARN_UNINITIALIZED_AUTOS = YES_AGGRESSIVE;
				GCC_WARN_UNUSED_FUNCTION = YES;
				GCC_WARN_UNUSED_VARIABLE = YES;
				LOCALIZATION_PREFERS_STRING_CATALOGS = YES;
				MTL_ENABLE_DEBUG_INFO = INCLUDE_SOURCE;
				MTL_FAST_MATH = YES;
				ONLY_ACTIVE_ARCH = YES;
				SWIFT_ACTIVE_COMPILATION_CONDITIONS = "DEBUG $(inherited)";
				SWIFT_OPTIMIZATION_LEVEL = "-Onone";
			};
			name = Debug;
		};
		218CCE492FD0752500F94297 /* Release */ = {
			isa = XCBuildConfiguration;
			buildSettings = {
				ALWAYS_SEARCH_USER_PATHS = NO;
				ASSETCATALOG_COMPILER_GENERATE_SWIFT_ASSET_SYMBOL_EXTENSIONS = YES;
				CLANG_ANALYZER_NONNULL = YES;
				CLANG_ANALYZER_NUMBER_OBJECT_CONVERSION = YES_AGGRESSIVE;
				CLANG_CXX_LANGUAGE_STANDARD = "gnu++20";
				CLANG_ENABLE_MODULES = YES;
				CLANG_ENABLE_OBJC_ARC = YES;
				CLANG_ENABLE_OBJC_WEAK = YES;
				CLANG_WARN_BLOCK_CAPTURE_AUTORELEASING = YES;
				CLANG_WARN_BOOL_CONVERSION = YES;
				CLANG_WARN_COMMA = YES;
				CLANG_WARN_CONSTANT_CONVERSION = YES;
				CLANG_WARN_DEPRECATED_OBJC_IMPLEMENTATIONS = YES;
				CLANG_WARN_DIRECT_OBJC_ISA_USAGE = YES_ERROR;
				CLANG_WARN_DOCUMENTATION_COMMENTS = YES;
				CLANG_WARN_EMPTY_BODY = YES;
				CLANG_WARN_ENUM_CONVERSION = YES;
				CLANG_WARN_INFINITE_RECURSION = YES;
				CLANG_WARN_INT_CONVERSION = YES;
				CLANG_WARN_NON_LITERAL_NULL_CONVERSION = YES;
				CLANG_WARN_OBJC_IMPLICIT_RETAIN_SELF = YES;
				CLANG_WARN_OBJC_LITERAL_CONVERSION = YES;
				CLANG_WARN_OBJC_ROOT_CLASS = YES_ERROR;
				CLANG_WARN_QUOTED_INCLUDE_IN_FRAMEWORK_HEADER = YES;
				CLANG_WARN_RANGE_LOOP_ANALYSIS = YES;
				CLANG_WARN_STRICT_PROTOTYPES = YES;
				CLANG_WARN_SUSPICIOUS_MOVE = YES;
				CLANG_WARN_UNGUARDED_AVAILABILITY = YES_AGGRESSIVE;
				CLANG_WARN_UNREACHABLE_CODE = YES;
				CLANG_WARN__DUPLICATE_METHOD_MATCH = YES;
				COPY_PHASE_STRIP = NO;
				DEBUG_INFORMATION_FORMAT = "dwarf-with-dsym";
				DEVELOPMENT_TEAM = K567Y7B93R;
				ENABLE_NS_ASSERTIONS = NO;
				ENABLE_STRICT_OBJC_MSGSEND = YES;
				ENABLE_USER_SCRIPT_SANDBOXING = YES;
				GCC_C_LANGUAGE_STANDARD = gnu17;
				GCC_NO_COMMON_BLOCKS = YES;
				GCC_WARN_64_TO_32_BIT_CONVERSION = YES;
				GCC_WARN_ABOUT_RETURN_TYPE = YES_ERROR;
				GCC_WARN_UNDECLARED_SELECTOR = YES;
				GCC_WARN_UNINITIALIZED_AUTOS = YES_AGGRESSIVE;
				GCC_WARN_UNUSED_FUNCTION = YES;
				GCC_WARN_UNUSED_VARIABLE = YES;
				LOCALIZATION_PREFERS_STRING_CATALOGS = YES;
				MTL_ENABLE_DEBUG_INFO = NO;
				MTL_FAST_MATH = YES;
				SWIFT_COMPILATION_MODE = wholemodule;
			};
			name = Release;
		};
		218CCE4B2FD0752500F94297 /* Debug */ = {
			isa = XCBuildConfiguration;
			buildSettings = {
				ASSETCATALOG_COMPILER_APPICON_NAME = AppIcon;
				ASSETCATALOG_COMPILER_GLOBAL_ACCENT_COLOR_NAME = AccentColor;
				CODE_SIGN_ENTITLEMENTS = Lumina/Lumina.entitlements;
				CODE_SIGN_STYLE = Automatic;
				CURRENT_PROJECT_VERSION = 1;
				DEVELOPMENT_TEAM = K567Y7B93R;
				ENABLE_APP_SANDBOX = YES;
				ENABLE_HARDENED_RUNTIME = YES;
				ENABLE_PREVIEWS = YES;
				ENABLE_USER_SELECTED_FILES = readwrite;
				GENERATE_INFOPLIST_FILE = YES;
				INFOPLIST_FILE = "Lumina-Info.plist";
				INFOPLIST_KEY_ITSAppUsesNonExemptEncryption = NO;
				INFOPLIST_KEY_NSPhotoLibraryAddUsageDescription = "Lumina saves downloaded photos and videos to your library.";
				"INFOPLIST_KEY_UIApplicationSceneManifest_Generation[sdk=iphoneos*]" = YES;
				"INFOPLIST_KEY_UIApplicationSceneManifest_Generation[sdk=iphonesimulator*]" = YES;
				"INFOPLIST_KEY_UIApplicationSupportsIndirectInputEvents[sdk=iphoneos*]" = YES;
				"INFOPLIST_KEY_UIApplicationSupportsIndirectInputEvents[sdk=iphonesimulator*]" = YES;
				"INFOPLIST_KEY_UILaunchScreen_Generation[sdk=iphoneos*]" = YES;
				"INFOPLIST_KEY_UILaunchScreen_Generation[sdk=iphonesimulator*]" = YES;
				"INFOPLIST_KEY_UIStatusBarStyle[sdk=iphoneos*]" = UIStatusBarStyleDefault;
				"INFOPLIST_KEY_UIStatusBarStyle[sdk=iphonesimulator*]" = UIStatusBarStyleDefault;
				INFOPLIST_KEY_UISupportedInterfaceOrientations_iPad = "UIInterfaceOrientationPortrait UIInterfaceOrientationPortraitUpsideDown UIInterfaceOrientationLandscapeLeft UIInterfaceOrientationLandscapeRight";
				INFOPLIST_KEY_UISupportedInterfaceOrientations_iPhone = "UIInterfaceOrientationPortrait UIInterfaceOrientationLandscapeLeft UIInterfaceOrientationLandscapeRight";
				IPHONEOS_DEPLOYMENT_TARGET = 18.0;
				LD_RUNPATH_SEARCH_PATHS = "@executable_path/Frameworks";
				"LD_RUNPATH_SEARCH_PATHS[sdk=macosx*]" = "@executable_path/../Frameworks";
				MACOSX_DEPLOYMENT_TARGET = 15.0;
				MARKETING_VERSION = 1.0;
				PRODUCT_BUNDLE_IDENTIFIER = xyz.andriishafar.Lumina;
				PRODUCT_NAME = "$(TARGET_NAME)";
				REGISTER_APP_GROUPS = NO;
				SDKROOT = auto;
				STRING_CATALOG_GENERATE_SYMBOLS = YES;
				SUPPORTED_PLATFORMS = "iphoneos iphonesimulator macosx";
				SWIFT_APPROACHABLE_CONCURRENCY = YES;
				SWIFT_DEFAULT_ACTOR_ISOLATION = MainActor;
				SWIFT_EMIT_LOC_STRINGS = YES;
				SWIFT_STRICT_CONCURRENCY = complete;
				SWIFT_UPCOMING_FEATURE_MEMBER_IMPORT_VISIBILITY = YES;
				SWIFT_VERSION = 6.0;
				TARGETED_DEVICE_FAMILY = "1,2,7";
				XROS_DEPLOYMENT_TARGET = 2.0;
			};
			name = Debug;
		};
		218CCE4C2FD0752500F94297 /* Release */ = {
			isa = XCBuildConfiguration;
			buildSettings = {
				ASSETCATALOG_COMPILER_APPICON_NAME = AppIcon;
				ASSETCATALOG_COMPILER_GLOBAL_ACCENT_COLOR_NAME = AccentColor;
				CODE_SIGN_ENTITLEMENTS = Lumina/Lumina.entitlements;
				CODE_SIGN_STYLE = Automatic;
				CURRENT_PROJECT_VERSION = 1;
				DEVELOPMENT_TEAM = K567Y7B93R;
				ENABLE_APP_SANDBOX = YES;
				ENABLE_HARDENED_RUNTIME = YES;
				ENABLE_PREVIEWS = YES;
				ENABLE_USER_SELECTED_FILES = readwrite;
				GENERATE_INFOPLIST_FILE = YES;
				INFOPLIST_FILE = "Lumina-Info.plist";
				INFOPLIST_KEY_ITSAppUsesNonExemptEncryption = NO;
				INFOPLIST_KEY_NSPhotoLibraryAddUsageDescription = "Lumina saves downloaded photos and videos to your library.";
				"INFOPLIST_KEY_UIApplicationSceneManifest_Generation[sdk=iphoneos*]" = YES;
				"INFOPLIST_KEY_UIApplicationSceneManifest_Generation[sdk=iphonesimulator*]" = YES;
				"INFOPLIST_KEY_UIApplicationSupportsIndirectInputEvents[sdk=iphoneos*]" = YES;
				"INFOPLIST_KEY_UIApplicationSupportsIndirectInputEvents[sdk=iphonesimulator*]" = YES;
				"INFOPLIST_KEY_UILaunchScreen_Generation[sdk=iphoneos*]" = YES;
				"INFOPLIST_KEY_UILaunchScreen_Generation[sdk=iphonesimulator*]" = YES;
				"INFOPLIST_KEY_UIStatusBarStyle[sdk=iphoneos*]" = UIStatusBarStyleDefault;
				"INFOPLIST_KEY_UIStatusBarStyle[sdk=iphonesimulator*]" = UIStatusBarStyleDefault;
				INFOPLIST_KEY_UISupportedInterfaceOrientations_iPad = "UIInterfaceOrientationPortrait UIInterfaceOrientationPortraitUpsideDown UIInterfaceOrientationLandscapeLeft UIInterfaceOrientationLandscapeRight";
				INFOPLIST_KEY_UISupportedInterfaceOrientations_iPhone = "UIInterfaceOrientationPortrait UIInterfaceOrientationLandscapeLeft UIInterfaceOrientationLandscapeRight";
				IPHONEOS_DEPLOYMENT_TARGET = 18.0;
				LD_RUNPATH_SEARCH_PATHS = "@executable_path/Frameworks";
				"LD_RUNPATH_SEARCH_PATHS[sdk=macosx*]" = "@executable_path/../Frameworks";
				MACOSX_DEPLOYMENT_TARGET = 15.0;
				MARKETING_VERSION = 1.0;
				PRODUCT_BUNDLE_IDENTIFIER = xyz.andriishafar.Lumina;
				PRODUCT_NAME = "$(TARGET_NAME)";
				REGISTER_APP_GROUPS = NO;
				SDKROOT = auto;
				STRING_CATALOG_GENERATE_SYMBOLS = YES;
				SUPPORTED_PLATFORMS = "iphoneos iphonesimulator macosx";
				SWIFT_APPROACHABLE_CONCURRENCY = YES;
				SWIFT_DEFAULT_ACTOR_ISOLATION = MainActor;
				SWIFT_EMIT_LOC_STRINGS = YES;
				SWIFT_STRICT_CONCURRENCY = complete;
				SWIFT_UPCOMING_FEATURE_MEMBER_IMPORT_VISIBILITY = YES;
				SWIFT_VERSION = 6.0;
				TARGETED_DEVICE_FAMILY = "1,2,7";
				XROS_DEPLOYMENT_TARGET = 2.0;
			};
			name = Release;
		};
		218CCE4E2FD0752500F94297 /* Debug */ = {
			isa = XCBuildConfiguration;
			buildSettings = {
				BUNDLE_LOADER = "$(TEST_HOST)";
				CODE_SIGN_STYLE = Automatic;
				CURRENT_PROJECT_VERSION = 1;
				DEVELOPMENT_TEAM = K567Y7B93R;
				GENERATE_INFOPLIST_FILE = YES;
				IPHONEOS_DEPLOYMENT_TARGET = 18.0;
				MACOSX_DEPLOYMENT_TARGET = 15.0;
				MARKETING_VERSION = 1.0;
				PRODUCT_BUNDLE_IDENTIFIER = xyz.andriishafar.LuminaTests;
				PRODUCT_NAME = "$(TARGET_NAME)";
				SDKROOT = auto;
				STRING_CATALOG_GENERATE_SYMBOLS = NO;
				SUPPORTED_PLATFORMS = "iphoneos iphonesimulator macosx";
				SWIFT_APPROACHABLE_CONCURRENCY = YES;
				SWIFT_EMIT_LOC_STRINGS = NO;
				SWIFT_UPCOMING_FEATURE_MEMBER_IMPORT_VISIBILITY = YES;
				SWIFT_VERSION = 6.0;
				TARGETED_DEVICE_FAMILY = "1,2,7";
				TEST_HOST = "$(BUILT_PRODUCTS_DIR)/Lumina.app/$(BUNDLE_EXECUTABLE_FOLDER_PATH)/Lumina";
				XROS_DEPLOYMENT_TARGET = 2.0;
			};
			name = Debug;
		};
		218CCE4F2FD0752500F94297 /* Release */ = {
			isa = XCBuildConfiguration;
			buildSettings = {
				BUNDLE_LOADER = "$(TEST_HOST)";
				CODE_SIGN_STYLE = Automatic;
				CURRENT_PROJECT_VERSION = 1;
				DEVELOPMENT_TEAM = K567Y7B93R;
				GENERATE_INFOPLIST_FILE = YES;
				IPHONEOS_DEPLOYMENT_TARGET = 18.0;
				MACOSX_DEPLOYMENT_TARGET = 15.0;
				MARKETING_VERSION = 1.0;
				PRODUCT_BUNDLE_IDENTIFIER = xyz.andriishafar.LuminaTests;
				PRODUCT_NAME = "$(TARGET_NAME)";
				SDKROOT = auto;
				STRING_CATALOG_GENERATE_SYMBOLS = NO;
				SUPPORTED_PLATFORMS = "iphoneos iphonesimulator macosx";
				SWIFT_APPROACHABLE_CONCURRENCY = YES;
				SWIFT_EMIT_LOC_STRINGS = NO;
				SWIFT_UPCOMING_FEATURE_MEMBER_IMPORT_VISIBILITY = YES;
				SWIFT_VERSION = 6.0;
				TARGETED_DEVICE_FAMILY = "1,2,7";
				TEST_HOST = "$(BUILT_PRODUCTS_DIR)/Lumina.app/$(BUNDLE_EXECUTABLE_FOLDER_PATH)/Lumina";
				XROS_DEPLOYMENT_TARGET = 2.0;
			};
			name = Release;
		};
		218CCE512FD0752500F94297 /* Debug */ = {
			isa = XCBuildConfiguration;
			buildSettings = {
				CODE_SIGN_STYLE = Automatic;
				CURRENT_PROJECT_VERSION = 1;
				DEVELOPMENT_TEAM = K567Y7B93R;
				GENERATE_INFOPLIST_FILE = YES;
				IPHONEOS_DEPLOYMENT_TARGET = 18.0;
				MACOSX_DEPLOYMENT_TARGET = 15.0;
				MARKETING_VERSION = 1.0;
				PRODUCT_BUNDLE_IDENTIFIER = xyz.andriishafar.LuminaUITests;
				PRODUCT_NAME = "$(TARGET_NAME)";
				SDKROOT = auto;
				STRING_CATALOG_GENERATE_SYMBOLS = NO;
				SUPPORTED_PLATFORMS = "iphoneos iphonesimulator macosx";
				SWIFT_APPROACHABLE_CONCURRENCY = YES;
				SWIFT_EMIT_LOC_STRINGS = NO;
				SWIFT_UPCOMING_FEATURE_MEMBER_IMPORT_VISIBILITY = YES;
				SWIFT_VERSION = 6.0;
				TARGETED_DEVICE_FAMILY = "1,2,7";
				TEST_TARGET_NAME = Lumina;
				XROS_DEPLOYMENT_TARGET = 2.0;
			};
			name = Debug;
		};
		218CCE522FD0752500F94297 /* Release */ = {
			isa = XCBuildConfiguration;
			buildSettings = {
				CODE_SIGN_STYLE = Automatic;
				CURRENT_PROJECT_VERSION = 1;
				DEVELOPMENT_TEAM = K567Y7B93R;
				GENERATE_INFOPLIST_FILE = YES;
				IPHONEOS_DEPLOYMENT_TARGET = 18.0;
				MACOSX_DEPLOYMENT_TARGET = 15.0;
				MARKETING_VERSION = 1.0;
				PRODUCT_BUNDLE_IDENTIFIER = xyz.andriishafar.LuminaUITests;
				PRODUCT_NAME = "$(TARGET_NAME)";
				SDKROOT = auto;
				STRING_CATALOG_GENERATE_SYMBOLS = NO;
				SUPPORTED_PLATFORMS = "iphoneos iphonesimulator macosx";
				SWIFT_APPROACHABLE_CONCURRENCY = YES;
				SWIFT_EMIT_LOC_STRINGS = NO;
				SWIFT_UPCOMING_FEATURE_MEMBER_IMPORT_VISIBILITY = YES;
				SWIFT_VERSION = 6.0;
				TARGETED_DEVICE_FAMILY = "1,2,7";
				TEST_TARGET_NAME = Lumina;
				XROS_DEPLOYMENT_TARGET = 2.0;
			};
			name = Release;
		};
		61F442156AD52CE5AF09CD77 /* Release */ = {
			isa = XCBuildConfiguration;
			buildSettings = {
				CLANG_ENABLE_OBJC_WEAK = NO;
				CODE_SIGN_STYLE = Automatic;
				CURRENT_PROJECT_VERSION = 1;
				DEVELOPMENT_TEAM = K567Y7B93R;
				GENERATE_INFOPLIST_FILE = NO;
				INFOPLIST_FILE = LuminaShare/Info.plist;
				IPHONEOS_DEPLOYMENT_TARGET = 18.0;
				LD_RUNPATH_SEARCH_PATHS = (
					"$(inherited)",
					"@executable_path/Frameworks",
					"@executable_path/../../Frameworks",
				);
				MARKETING_VERSION = 1.0;
				PRODUCT_BUNDLE_IDENTIFIER = xyz.andriishafar.Lumina.Share;
				PRODUCT_NAME = "$(TARGET_NAME)";
				SDKROOT = iphoneos;
				SKIP_INSTALL = YES;
				SUPPORTED_PLATFORMS = "iphoneos iphonesimulator";
				SWIFT_EMIT_LOC_STRINGS = YES;
				SWIFT_VERSION = 5.0;
				TARGETED_DEVICE_FAMILY = "1,2";
				VALIDATE_PRODUCT = YES;
			};
			name = Release;
		};
		D987249C19BAB88D8164C536 /* Debug */ = {
			isa = XCBuildConfiguration;
			buildSettings = {
				CLANG_ENABLE_OBJC_WEAK = NO;
				CODE_SIGN_STYLE = Automatic;
				CURRENT_PROJECT_VERSION = 1;
				DEVELOPMENT_TEAM = K567Y7B93R;
				GENERATE_INFOPLIST_FILE = NO;
				INFOPLIST_FILE = LuminaShare/Info.plist;
				IPHONEOS_DEPLOYMENT_TARGET = 18.0;
				LD_RUNPATH_SEARCH_PATHS = (
					"$(inherited)",
					"@executable_path/Frameworks",
					"@executable_path/../../Frameworks",
				);
				MARKETING_VERSION = 1.0;
				PRODUCT_BUNDLE_IDENTIFIER = xyz.andriishafar.Lumina.Share;
				PRODUCT_NAME = "$(TARGET_NAME)";
				SDKROOT = iphoneos;
				SKIP_INSTALL = YES;
				SUPPORTED_PLATFORMS = "iphoneos iphonesimulator";
				SWIFT_EMIT_LOC_STRINGS = YES;
				SWIFT_VERSION = 5.0;
				TARGETED_DEVICE_FAMILY = "1,2";
			};
			name = Debug;
		};
/* End XCBuildConfiguration section */

/* Begin XCConfigurationList section */
		218CCE222FD0752200F94297 /* Build configuration list for PBXProject "Lumina" */ = {
			isa = XCConfigurationList;
			buildConfigurations = (
				218CCE482FD0752500F94297 /* Debug */,
				218CCE492FD0752500F94297 /* Release */,
			);
			defaultConfigurationIsVisible = 0;
			defaultConfigurationName = Release;
		};
		218CCE4A2FD0752500F94297 /* Build configuration list for PBXNativeTarget "Lumina" */ = {
			isa = XCConfigurationList;
			buildConfigurations = (
				218CCE4B2FD0752500F94297 /* Debug */,
				218CCE4C2FD0752500F94297 /* Release */,
			);
			defaultConfigurationIsVisible = 0;
			defaultConfigurationName = Release;
		};
		218CCE4D2FD0752500F94297 /* Build configuration list for PBXNativeTarget "LuminaTests" */ = {
			isa = XCConfigurationList;
			buildConfigurations = (
				218CCE4E2FD0752500F94297 /* Debug */,
				218CCE4F2FD0752500F94297 /* Release */,
			);
			defaultConfigurationIsVisible = 0;
			defaultConfigurationName = Release;
		};
		218CCE502FD0752500F94297 /* Build configuration list for PBXNativeTarget "LuminaUITests" */ = {
			isa = XCConfigurationList;
			buildConfigurations = (
				218CCE512FD0752500F94297 /* Debug */,
				218CCE522FD0752500F94297 /* Release */,
			);
			defaultConfigurationIsVisible = 0;
			defaultConfigurationName = Release;
		};
		E3EA83814CDCD0B6E804CA74 /* Build configuration list for PBXNativeTarget "LuminaShare" */ = {
			isa = XCConfigurationList;
			buildConfigurations = (
				61F442156AD52CE5AF09CD77 /* Release */,
				D987249C19BAB88D8164C536 /* Debug */,
			);
			defaultConfigurationIsVisible = 0;
			defaultConfigurationName = Release;
		};
/* End XCConfigurationList section */

/* Begin XCLocalSwiftPackageReference section */
		D0D0000000000000000000A1 /* XCLocalSwiftPackageReference "LuminaKit" */ = {
			isa = XCLocalSwiftPackageReference;
			relativePath = LuminaKit;
		};
/* End XCLocalSwiftPackageReference section */

/* Begin XCSwiftPackageProductDependency section */
		D0D0000000000000000000A2 /* LuminaKit */ = {
			isa = XCSwiftPackageProductDependency;
			productName = LuminaKit;
		};
/* End XCSwiftPackageProductDependency section */
	};
	rootObject = 218CCE1F2FD0752200F94297 /* Project object */;
}
